# generated by rye
# use `rye lock` or `rye sync` to update this lockfile
#
# last locked with the following flags:
#   pre: false
#   features: []
#   all-features: false
#   with-sources: false
#   generate-hashes: false

-e file:.
ansi2html==1.9.1
    # via videomosaic
colorama==0.4.6
    # via loguru
darkdetect==0.8.0
    # via pyside6-fluent-widgets
loguru==0.7.2
    # via videomosaic
nuitka==2.3
numpy==1.26.4
    # via opencv-contrib-python
    # via videomosaic
opencv-contrib-python==4.9.0.80
    # via videomosaic
ordered-set==4.1.0
    # via nuitka
pyside6==6.7.1
    # via pyside6-fluent-widgets
pyside6-addons==6.7.1
    # via pyside6
pyside6-essentials==6.7.1
    # via pyside6
    # via pyside6-addons
pyside6-fluent-widgets==1.5.7
    # via videomosaic
pysidesix-frameless-window==0.3.12
    # via pyside6-fluent-widgets
pywin32==306
    # via pysidesix-frameless-window
shiboken6==6.7.1
    # via pyside6
    # via pyside6-addons
    # via pyside6-essentials
win32-setctime==1.1.0
    # via loguru
zstandard==0.22.0
    # via nuitka
