# generated by rye
# use `rye lock` or `rye sync` to update this lockfile
#
# last locked with the following flags:
#   pre: false
#   features: []
#   all-features: false
#   with-sources: false
#   generate-hashes: false
#   universal: false

-e file:.
ae-ffmpeg==1.2.0
    # via auto-editor
ansi2html==1.9.2
    # via videomosaic
auto-editor==24.31.1
    # via videomosaic
colorama==0.4.6
    # via loguru
darkdetect==0.8.0
    # via pyside6-fluent-widgets
loguru==0.7.2
    # via videomosaic
nuitka==2.4.2
numpy==2.0.1
    # via auto-editor
    # via opencv-contrib-python
    # via videomosaic
opencv-contrib-python==4.10.0.84
    # via videomosaic
ordered-set==4.1.0
    # via nuitka
pyav==12.3.0
    # via auto-editor
pyside6==6.7.2
    # via pyside6-fluent-widgets
pyside6-addons==6.7.2
    # via pyside6
pyside6-essentials==6.7.2
    # via pyside6
    # via pyside6-addons
pyside6-fluent-widgets==1.6.0
    # via videomosaic
pysidesix-frameless-window==0.3.12
    # via pyside6-fluent-widgets
pywin32==306
    # via pysidesix-frameless-window
shiboken6==6.7.2
    # via pyside6
    # via pyside6-addons
    # via pyside6-essentials
typing-extensions==4.12.2
    # via videomosaic
win32-setctime==1.1.0
    # via loguru
zstandard==0.23.0
    # via nuitka
